
Microsoft Visual Studio Solution File, Format Version 12.00
# Visual Studio 15
VisualStudioVersion = 15.0.28307.572
MinimumVisualStudioVersion = 10.0.40219.1
Project("{FAE04EC0-301F-11D3-BF4B-00C04F79EFBC}") = "Conversor Grados C a F", "ConsoleApp2\Conversor Grados C a F.csproj", "{030D9E42-3D0D-4463-942D-84C7A7B12C2D}"
EndProject
Global
	GlobalSection(SolutionConfigurationPlatforms) = preSolution
		Debug|Any CPU = Debug|Any CPU
		Release|Any CPU = Release|Any CPU
	EndGlobalSection
	GlobalSection(ProjectConfigurationPlatforms) = postSolution
		{030D9E42-3D0D-4463-942D-84C7A7B12C2D}.Debug|Any CPU.ActiveCfg = Debug|Any CPU
		{030D9E42-3D0D-4463-942D-84C7A7B12C2D}.Debug|Any CPU.Build.0 = Debug|Any CPU
		{030D9E42-3D0D-4463-942D-84C7A7B12C2D}.Release|Any CPU.ActiveCfg = Release|Any CPU
		{030D9E42-3D0D-4463-942D-84C7A7B12C2D}.Release|Any CPU.Build.0 = Release|Any CPU
	EndGlobalSection
	GlobalSection(SolutionProperties) = preSolution
		HideSolutionNode = FALSE
	EndGlobalSection
	GlobalSection(ExtensibilityGlobals) = postSolution
		SolutionGuid = {C3B0E160-D1BF-4536-85A5-1673FA116A9D}
	EndGlobalSection
EndGlobal
